<?xml version="1.0" encoding="utf-8"?>
<Project ToolsVersion="4.0" xmlns="http://schemas.microsoft.com/developer/msbuild/2003">
  <ItemGroup>
    <Filter Include="源文件">
      <UniqueIdentifier>{4FC737F1-C7A5-4376-A066-2A32D752A2FF}</UniqueIdentifier>
      <Extensions>cpp;c;cc;cxx;c++;cppm;ixx;def;odl;idl;hpj;bat;asm;asmx</Extensions>
    </Filter>
    <Filter Include="头文件">
      <UniqueIdentifier>{93995380-89BD-4b04-88EB-625FBE52EBFB}</UniqueIdentifier>
      <Extensions>h;hh;hpp;hxx;h++;hm;inl;inc;ipp;xsd</Extensions>
    </Filter>
    <Filter Include="资源文件">
      <UniqueIdentifier>{67DA6AB6-F800-4c08-8B7A-83BB121AAD01}</UniqueIdentifier>
      <Extensions>rc;ico;cur;bmp;dlg;rc2;rct;bin;rgs;gif;jpg;jpeg;jpe;resx;tiff;tif;png;wav;mfcribbon-ms</Extensions>
    </Filter>
  </ItemGroup>
  <ItemGroup>
    <ClInclude Include="elapsed_time_reporter.h">
      <Filter>头文件</Filter>
    </ClInclude>
    <ClInclude Include="SkipList.h">
      <Filter>头文件</Filter>
    </ClInclude>
    <ClInclude Include="slice.h">
      <Filter>头文件</Filter>
    </ClInclude>
    <ClInclude Include="writable_file.h">
      <Filter>头文件</Filter>
    </ClInclude>
    <ClInclude Include="status.h">
      <Filter>头文件</Filter>
    </ClInclude>
    <ClInclude Include="windows_writable_file.h">
      <Filter>头文件</Filter>
    </ClInclude>
    <ClInclude Include="scope_handle.h">
      <Filter>头文件</Filter>
    </ClInclude>
    <ClInclude Include="coding.h">
      <Filter>头文件</Filter>
    </ClInclude>
    <ClInclude Include="log_format.h">
      <Filter>头文件</Filter>
    </ClInclude>
    <ClInclude Include="arena.h">
      <Filter>头文件</Filter>
    </ClInclude>
    <ClInclude Include="block.h">
      <Filter>头文件</Filter>
    </ClInclude>
    <ClInclude Include="format.h">
      <Filter>头文件</Filter>
    </ClInclude>
    <ClInclude Include="iterator.h">
      <Filter>头文件</Filter>
    </ClInclude>
    <ClInclude Include="BlockIterator.h">
      <Filter>头文件</Filter>
    </ClInclude>
    <ClInclude Include="block_builder.h">
      <Filter>头文件</Filter>
    </ClInclude>
    <ClInclude Include="builder.h">
      <Filter>头文件</Filter>
    </ClInclude>
    <ClInclude Include="cache.h">
      <Filter>头文件</Filter>
    </ClInclude>
    <ClInclude Include="comparator.h">
      <Filter>头文件</Filter>
    </ClInclude>
    <ClInclude Include="db_format.h">
      <Filter>头文件</Filter>
    </ClInclude>
    <ClInclude Include="filter_block.h">
      <Filter>头文件</Filter>
    </ClInclude>
  </ItemGroup>
  <ItemGroup>
    <ClCompile Include="SkipList.cpp">
      <Filter>头文件</Filter>
    </ClCompile>
    <ClCompile Include="main.cpp">
      <Filter>源文件</Filter>
    </ClCompile>
    <ClCompile Include="slice.cpp">
      <Filter>源文件</Filter>
    </ClCompile>
    <ClCompile Include="arena.cpp">
      <Filter>源文件</Filter>
    </ClCompile>
    <ClCompile Include="block.cpp">
      <Filter>源文件</Filter>
    </ClCompile>
    <ClCompile Include="format.cpp">
      <Filter>源文件</Filter>
    </ClCompile>
    <ClCompile Include="iterator.cpp">
      <Filter>源文件</Filter>
    </ClCompile>
    <ClCompile Include="BlockIterator.cpp">
      <Filter>源文件</Filter>
    </ClCompile>
    <ClCompile Include="block_builder.cpp">
      <Filter>源文件</Filter>
    </ClCompile>
    <ClCompile Include="builder.cpp">
      <Filter>源文件</Filter>
    </ClCompile>
    <ClCompile Include="db_format.cpp">
      <Filter>源文件</Filter>
    </ClCompile>
    <ClCompile Include="filter_block.cpp">
      <Filter>源文件</Filter>
    </ClCompile>
    <ClCompile Include="status.cpp">
      <Filter>源文件</Filter>
    </ClCompile>
    <ClCompile Include="log_writer.cpp">
      <Filter>源文件</Filter>
    </ClCompile>
    <ClCompile Include="options.cpp">
      <Filter>源文件</Filter>
    </ClCompile>
    <ClCompile Include="table.cpp">
      <Filter>源文件</Filter>
    </ClCompile>
    <ClCompile Include="table_builder.cpp">
      <Filter>源文件</Filter>
    </ClCompile>
    <ClCompile Include="version_set.cpp">
      <Filter>源文件</Filter>
    </ClCompile>
    <ClCompile Include="test_status.cpp">
      <Filter>源文件</Filter>
    </ClCompile>
    <ClCompile Include="coding.cpp">
      <Filter>源文件</Filter>
    </ClCompile>
  </ItemGroup>
</Project>